# THIS IS AN AUTOGENERATED FILE. DO NOT EDIT THIS FILE DIRECTLY.
# yarn lockfile v1


"@design-sdk/figma-core@^0.0.25":
  version "0.0.25"
  resolved "https://registry.yarnpkg.com/@design-sdk/figma-core/-/figma-core-0.0.25.tgz#7fa28cc7d6e45cd713c5f268d42e4dd4f2b41590"
  integrity sha512-6OF7eUbDOlR4/BFtd2FRyDvvUf777OGNbVbNScUOv3Fk/kUXBzMTXX6ZdoRlTx887v/vo3+Lh0D31SG1sm80aA==

"@design-sdk/figma-node@^0.0.25":
  version "0.0.25"
  resolved "https://registry.yarnpkg.com/@design-sdk/figma-node/-/figma-node-0.0.25.tgz#c95484cc4b003667ae93e95fa3b585b9fa0b740a"
  integrity sha512-GCA5cGDXhvGUQddmSIZgPMhH0eGip9S0yDSQiys1XiKnXsB/CM8/5C+JVosHR1WFMHSlJfU+ytA4IH2yhfysUQ==
  dependencies:
    "@design-sdk/figma-core" "^0.0.25"
    "@design-sdk/figma-utils" "^0.0.25"
    "@reflect-ui/font-utils" "^0.0.1"

"@design-sdk/figma-types@^0.0.25":
  version "0.0.25"
  resolved "https://registry.yarnpkg.com/@design-sdk/figma-types/-/figma-types-0.0.25.tgz#bc6dce167d5ad209b5e2a8d8f6b43c93104ec461"
  integrity sha512-bw0sP8wdFUaDPldO18ND7agHjA5xwRSgj7abiOqKqwNnS8YsOWhE4y5Asci42WIWrUII4/RqDtdGGOWC6odAfA==

"@design-sdk/figma-utils@^0.0.25":
  version "0.0.25"
  resolved "https://registry.yarnpkg.com/@design-sdk/figma-utils/-/figma-utils-0.0.25.tgz#7b7f6632fd8689ef713b27b34a61257accc2052e"
  integrity sha512-HarFMa14L9zqg8rhLaCTXhTKFd6tlBno1mnSc/vl8ZVilmdq32OFFlmqS4MjyvrTfyAvbwlEMAhxV1SUQhFhRg==

"@reflect-ui/cg@^0.0.8":
  version "0.0.8"
  resolved "https://registry.yarnpkg.com/@reflect-ui/cg/-/cg-0.0.8.tgz#fff9025bb15b19d513fbded3b0a66b97b0b9fd35"
  integrity sha512-6dGB6gTo1/3mf8qQBg2IN3/L0/2Q5OOjE8QMo/kwx0V5njiAQKPYeBDHGPxfNqRIDf9d+OvkHOWGMmXNEjcxYQ==

"@reflect-ui/core@^0.0.8":
  version "0.0.8"
  resolved "https://registry.yarnpkg.com/@reflect-ui/core/-/core-0.0.8.tgz#14cf9003f076ee5246ba3db06c13cf4c0e822d3f"
  integrity sha512-x22UesNrLJpNIqNocCqyrGFlFHZTRHmDAuQy+0AaM/dBjq5D+wesVRX0dm8N9GBfljTkjudbXiUsS9hqV3nCQQ==
  dependencies:
    "@reflect-ui/uiutils" "^0.1.2-1"

"@reflect-ui/font-utils@^0.0.1":
  version "0.0.1"
  resolved "https://registry.yarnpkg.com/@reflect-ui/font-utils/-/font-utils-0.0.1.tgz#fc22d21d90dc896dec96fcacaf8d584a30fb0642"
  integrity sha512-WglAO5z4E4upRx7kG3sn2uxG6jf0Ce3rc0WWZfYY9eyHrkm29dPc80JwHzxEAwbCjTr4iayF+ggNgbcGLAE2Tw==

"@reflect-ui/namings@0.0.3":
  version "0.0.3"
  resolved "https://registry.yarnpkg.com/@reflect-ui/namings/-/namings-0.0.3.tgz#6e9fd4809dd5c9d2a996516236c71b99ea93fbcb"
  integrity sha512-rNNW9nK8qhz+54pOL11MRUTjRhRHTL/rbM5kvtddDY2g7t/1XxGl7d3tLs/0LEoy2LFPtNf/fFZYEgQD/jyoFA==

"@reflect-ui/uiutils@^0.1.2-1":
  version "0.1.2-2"
  resolved "https://registry.yarnpkg.com/@reflect-ui/uiutils/-/uiutils-0.1.2-2.tgz#56b80dd920be63d424cbb0478223e50acb95a50d"
  integrity sha512-PGmoG2zP34P8+JeXawY4kogmaGeP0kaWnHsOxxbl+p2v1TeD8ORR9VW9boNn0knldJb9+63W6v5lpB1N4icwnA==

"@types/minimatch@^3.0.3":
  version "3.0.5"
  resolved "https://registry.yarnpkg.com/@types/minimatch/-/minimatch-3.0.5.tgz#1001cc5e6a3704b83c236027e77f2f58ea010f40"
  integrity sha512-Klz949h02Gz2uZCMGwDUSDS1YBlTdDDgbWHi+81l29tQALUtvz4rAYi5uoVhE5Lagoq6DeqAUlbrHvW/mXDgdQ==

"@types/tinycolor2@^1.4.2":
  version "1.4.3"
  resolved "https://registry.yarnpkg.com/@types/tinycolor2/-/tinycolor2-1.4.3.tgz#ed4a0901f954b126e6a914b4839c77462d56e706"
  integrity sha512-Kf1w9NE5HEgGxCRyIcRXR/ZYtDv0V8FVPtYHwLxl0O+maGX0erE77pQlD0gpP+/KByMZ87mOA79SjifhSB3PjQ==

balanced-match@^1.0.0:
  version "1.0.2"
  resolved "https://registry.yarnpkg.com/balanced-match/-/balanced-match-1.0.2.tgz#e83e3a7e3f300b34cb9d87f615fa0cbf357690ee"
  integrity sha512-3oSeUO0TMV67hN1AmbXsK4yaqU7tjiHlbxRDZOpH0KW9+CeX4bRAaX0Anxt0tx2MrpRpWwQaPwIlISEJhYU5Pw==

brace-expansion@^1.1.7:
  version "1.1.11"
  resolved "https://registry.yarnpkg.com/brace-expansion/-/brace-expansion-1.1.11.tgz#3c7fcbf529d87226f3d2f52b966ff5271eb441dd"
  integrity sha512-iCuPHDFgrHX7H2vEI/5xpz07zSHB00TpugqhmYtVmMO6518mCuRMoOYFldEBl0g187ufozdaHgWKcYFb61qGiA==
  dependencies:
    balanced-match "^1.0.0"
    concat-map "0.0.1"

concat-map@0.0.1:
  version "0.0.1"
  resolved "https://registry.yarnpkg.com/concat-map/-/concat-map-0.0.1.tgz#d8a96bd77fd68df7793a73036a3ba0d5405d477b"
  integrity sha512-/Srv4dswyQNBfohGpz9o6Yb3Gz3SrUDqBH5rTuhGR7ahtlbYKnVxw2bCFMRljaA7EXHaXZ8wsHdodFvbkhKmqg==

minimatch@^3.0.4:
  version "3.1.2"
  resolved "https://registry.yarnpkg.com/minimatch/-/minimatch-3.1.2.tgz#19cd194bfd3e428f049a70817c038d89ab4be35b"
  integrity sha512-J7p63hRiAjw1NDEww1W7i37+ByIrOWO5XQQAzZ3VOcL0PNybwpfmV/N05zFAzwQ9USyEcX6t3UO+K5aqBQOIHw==
  dependencies:
    brace-expansion "^1.1.7"

screen-size-specs@0.0.1:
  version "0.0.1"
  resolved "https://registry.yarnpkg.com/screen-size-specs/-/screen-size-specs-0.0.1.tgz#b2ca8884a4be9379d9162b0ecf68e9e4ce7aaf62"
  integrity sha512-AkY740td9TAAQOacmsjfwCGg8yWvs4NzPZxibQczfcBy5S1oZh/dYX9a2uBPAE+0fQa2pJS8SUCkPTnfvmtwbg==

tinycolor2@^1.4.2:
  version "1.4.2"
  resolved "https://registry.yarnpkg.com/tinycolor2/-/tinycolor2-1.4.2.tgz#3f6a4d1071ad07676d7fa472e1fac40a719d8803"
  integrity sha512-vJhccZPs965sV/L2sU4oRQVAos0pQXwsvTLkWYdqJ+a8Q5kPFzJTuOFwy7UniPli44NKQGAglksjvOcpo95aZA==

typescript@^4.0.5:
  version "4.7.4"
  resolved "https://registry.yarnpkg.com/typescript/-/typescript-4.7.4.tgz#1a88596d1cf47d59507a1bcdfb5b9dfe4d488235"
  integrity sha512-C0WQT0gezHuw6AdY1M2jxUO83Rjf0HP7Sk1DtXj6j1EwkQNZrHAg2XPWlq62oqEhYvONq5pkC2Y9oPljWToLmQ==
